// !$*UTF8*$!
{
	archiveVersion = 1;
	classes = {
	};
	objectVersion = 46;
	objects = {

/* Begin PBXBuildFile section */
		23A5026A1AF436E900208D21 /* main.m in Sources */ = {isa = PBXBuildFile; fileRef = 23A502691AF436E900208D21 /* main.m */; };
		23A5026D1AF436E900208D21 /* AppDelegate.m in Sources */ = {isa = PBXBuildFile; fileRef = 23A5026C1AF436E900208D21 /* AppDelegate.m */; };
		23A502701AF436E900208D21 /* ViewController.m in Sources */ = {isa = PBXBuildFile; fileRef = 23A5026F1AF436E900208D21 /* ViewController.m */; };
		23A502731AF436E900208D21 /* Main.storyboard in Resources */ = {isa = PBXBuildFile; fileRef = 23A502711AF436E900208D21 /* Main.storyboard */; };
		23A502751AF436E900208D21 /* Images.xcassets in Resources */ = {isa = PBXBuildFile; fileRef = 23A502741AF436E900208D21 /* Images.xcassets */; };
		23A502781AF436E900208D21 /* LaunchScreen.xib in Resources */ = {isa = PBXBuildFile; fileRef = 23A502761AF436E900208D21 /* LaunchScreen.xib */; };
		23A502841AF436E900208D21 /* HVACDemoTests.m in Sources */ = {isa = PBXBuildFile; fileRef = 23A502831AF436E900208D21 /* HVACDemoTests.m */; };
		6234814D32FA6042AFFB895B /* client.p12 in Resources */ = {isa = PBXBuildFile; fileRef = 6234802DAEEF06FF48B5848A /* client.p12 */; };
		6234816A8EE6D2F8EE1AF4BC /* server-certs.der in Resources */ = {isa = PBXBuildFile; fileRef = 62348EE0053E1D2C2B2AC9F0 /* server-certs.der */; };
		623481AFD8D6711B02D720E4 /* RVIDlinkPacket.m in Sources */ = {isa = PBXBuildFile; fileRef = 6234863B8D24C5EC6447A36B /* RVIDlinkPacket.m */; };
		6234832E97E8B22E26A78DDE /* RVIDlinkPacketParser.m in Sources */ = {isa = PBXBuildFile; fileRef = 62348D275B345AFE52F21BA8 /* RVIDlinkPacketParser.m */; };
		6234837926524609DD59A9E8 /* HVACManager.m in Sources */ = {isa = PBXBuildFile; fileRef = 62348F2B6AB0D4F1D0FC36E7 /* HVACManager.m */; };
		62348579F97E59052D6EB330 /* RVINode.m in Sources */ = {isa = PBXBuildFile; fileRef = 62348729A670EC9782A2A1E9 /* RVINode.m */; };
		6234863A1BFF50E700AC14A6 /* RPCClient.m in Sources */ = {isa = PBXBuildFile; fileRef = 62348D5986501A27799B8D8F /* RPCClient.m */; };
		6234863DD00D0CA9BB0CEB3C /* RPCRequest.m in Sources */ = {isa = PBXBuildFile; fileRef = 62348479F5A851E4819EC473 /* RPCRequest.m */; };
		62348689289860E7A5ED6C38 /* RVIServerConnection.m in Sources */ = {isa = PBXBuildFile; fileRef = 623484866FDD2508905A820E /* RVIServerConnection.m */; };
		623489508CC94071751C19D4 /* RPCResponse.m in Sources */ = {isa = PBXBuildFile; fileRef = 6234809BA42BCEA084982E76 /* RPCResponse.m */; };
		62348999EB2FB4F8AD2F32AC /* RVIDlinkAuthPacket.m in Sources */ = {isa = PBXBuildFile; fileRef = 623484F25540E68B5FD1A635 /* RVIDlinkAuthPacket.m */; };
		623489A6EC683FB86B2F5DF8 /* RVIService.m in Sources */ = {isa = PBXBuildFile; fileRef = 623482DDC3A827D7A0252282 /* RVIService.m */; };
		62348C5C399B43189A760E42 /* RVIDlinkServiceAnnouncePacket.m in Sources */ = {isa = PBXBuildFile; fileRef = 6234871F04E20B533EA259B1 /* RVIDlinkServiceAnnouncePacket.m */; };
		62348C77FAEC22FD0814D2D6 /* RVIRemoteConnectionManager.m in Sources */ = {isa = PBXBuildFile; fileRef = 62348CF6A58937FC72D4A258 /* RVIRemoteConnectionManager.m */; };
		62348D488B3E1B6625431F55 /* client-certs in Resources */ = {isa = PBXBuildFile; fileRef = 623482EE6FC46F9A35A4A0A1 /* client-certs */; };
		62348DF3C04950D3CAE5C987 /* RVIDlinkReceivePacket.m in Sources */ = {isa = PBXBuildFile; fileRef = 62348F74F3D204CAF7D97D3C /* RVIDlinkReceivePacket.m */; };
		62348F475F079958818C000F /* RVIServiceBundle.m in Sources */ = {isa = PBXBuildFile; fileRef = 62348A4EB5EC0F0C166F599E /* RVIServiceBundle.m */; };
		62348F8E55574C3B7F5B90A0 /* RVIBluetoothConnection.m in Sources */ = {isa = PBXBuildFile; fileRef = 62348AD8272026A8C74FD1D0 /* RVIBluetoothConnection.m */; };
/* End PBXBuildFile section */

/* Begin PBXContainerItemProxy section */
		23A5027E1AF436E900208D21 /* PBXContainerItemProxy */ = {
			isa = PBXContainerItemProxy;
			containerPortal = 23A5025C1AF436E900208D21 /* Project object */;
			proxyType = 1;
			remoteGlobalIDString = 23A502631AF436E900208D21;
			remoteInfo = HVACDemo;
		};
/* End PBXContainerItemProxy section */

/* Begin PBXFileReference section */
		23A502641AF436E900208D21 /* HVACDemo.app */ = {isa = PBXFileReference; explicitFileType = wrapper.application; includeInIndex = 0; path = HVACDemo.app; sourceTree = BUILT_PRODUCTS_DIR; };
		23A502681AF436E900208D21 /* Info.plist */ = {isa = PBXFileReference; lastKnownFileType = text.plist.xml; path = Info.plist; sourceTree = "<group>"; };
		23A502691AF436E900208D21 /* main.m */ = {isa = PBXFileReference; lastKnownFileType = sourcecode.c.objc; path = main.m; sourceTree = "<group>"; };
		23A5026B1AF436E900208D21 /* AppDelegate.h */ = {isa = PBXFileReference; lastKnownFileType = sourcecode.c.h; path = AppDelegate.h; sourceTree = "<group>"; };
		23A5026C1AF436E900208D21 /* AppDelegate.m */ = {isa = PBXFileReference; lastKnownFileType = sourcecode.c.objc; path = AppDelegate.m; sourceTree = "<group>"; };
		23A5026E1AF436E900208D21 /* ViewController.h */ = {isa = PBXFileReference; lastKnownFileType = sourcecode.c.h; path = ViewController.h; sourceTree = "<group>"; };
		23A5026F1AF436E900208D21 /* ViewController.m */ = {isa = PBXFileReference; lastKnownFileType = sourcecode.c.objc; path = ViewController.m; sourceTree = "<group>"; };
		23A502721AF436E900208D21 /* Base */ = {isa = PBXFileReference; lastKnownFileType = file.storyboard; name = Base; path = Base.lproj/Main.storyboard; sourceTree = "<group>"; };
		23A502741AF436E900208D21 /* Images.xcassets */ = {isa = PBXFileReference; lastKnownFileType = folder.assetcatalog; path = Images.xcassets; sourceTree = "<group>"; };
		23A502771AF436E900208D21 /* Base */ = {isa = PBXFileReference; lastKnownFileType = file.xib; name = Base; path = Base.lproj/LaunchScreen.xib; sourceTree = "<group>"; };
		23A5027D1AF436E900208D21 /* HVACDemoTests.xctest */ = {isa = PBXFileReference; explicitFileType = wrapper.cfbundle; includeInIndex = 0; path = HVACDemoTests.xctest; sourceTree = BUILT_PRODUCTS_DIR; };
		23A502821AF436E900208D21 /* Info.plist */ = {isa = PBXFileReference; lastKnownFileType = text.plist.xml; path = Info.plist; sourceTree = "<group>"; };
		23A502831AF436E900208D21 /* HVACDemoTests.m */ = {isa = PBXFileReference; lastKnownFileType = sourcecode.c.objc; path = HVACDemoTests.m; sourceTree = "<group>"; };
		6234802DAEEF06FF48B5848A /* client.p12 */ = {isa = PBXFileReference; lastKnownFileType = file.p12; path = client.p12; sourceTree = "<group>"; };
		6234809BA42BCEA084982E76 /* RPCResponse.m */ = {isa = PBXFileReference; fileEncoding = 4; lastKnownFileType = sourcecode.c.objc; path = RPCResponse.m; sourceTree = "<group>"; };
		62348198BA58A1ECE952DFFF /* RVIServerConnection.h */ = {isa = PBXFileReference; fileEncoding = 4; lastKnownFileType = sourcecode.c.h; path = RVIServerConnection.h; sourceTree = "<group>"; };
		623482277589C8905AB4BAB5 /* HVACManager.h */ = {isa = PBXFileReference; fileEncoding = 4; lastKnownFileType = sourcecode.c.h; path = HVACManager.h; sourceTree = "<group>"; };
		6234828A74C56EF908951241 /* RVIService.h */ = {isa = PBXFileReference; fileEncoding = 4; lastKnownFileType = sourcecode.c.h; path = RVIService.h; sourceTree = "<group>"; };
		62348296AD26C4CCFA42D1BA /* RPCClient.h */ = {isa = PBXFileReference; fileEncoding = 4; lastKnownFileType = sourcecode.c.h; path = RPCClient.h; sourceTree = "<group>"; };
		623482DDC3A827D7A0252282 /* RVIService.m */ = {isa = PBXFileReference; fileEncoding = 4; lastKnownFileType = sourcecode.c.objc; path = RVIService.m; sourceTree = "<group>"; };
		623482EE6FC46F9A35A4A0A1 /* client-certs */ = {isa = PBXFileReference; fileEncoding = 4; lastKnownFileType = text; path = "client-certs"; sourceTree = "<group>"; };
		6234836EDFB5347CB7B7914A /* RVIServiceBundle.h */ = {isa = PBXFileReference; fileEncoding = 4; lastKnownFileType = sourcecode.c.h; path = RVIServiceBundle.h; sourceTree = "<group>"; };
		6234839B7560FC8865322B10 /* RVIRemoteConnectionDelegate.h */ = {isa = PBXFileReference; fileEncoding = 4; lastKnownFileType = sourcecode.c.h; path = RVIRemoteConnectionDelegate.h; sourceTree = "<group>"; };
		62348440D91285A848C24DFD /* RVINode.h */ = {isa = PBXFileReference; fileEncoding = 4; lastKnownFileType = sourcecode.c.h; path = RVINode.h; sourceTree = "<group>"; };
		62348479F5A851E4819EC473 /* RPCRequest.m */ = {isa = PBXFileReference; fileEncoding = 4; lastKnownFileType = sourcecode.c.objc; path = RPCRequest.m; sourceTree = "<group>"; };
		623484866FDD2508905A820E /* RVIServerConnection.m */ = {isa = PBXFileReference; fileEncoding = 4; lastKnownFileType = sourcecode.c.objc; path = RVIServerConnection.m; sourceTree = "<group>"; };
		623484F25540E68B5FD1A635 /* RVIDlinkAuthPacket.m */ = {isa = PBXFileReference; fileEncoding = 4; lastKnownFileType = sourcecode.c.objc; path = RVIDlinkAuthPacket.m; sourceTree = "<group>"; };
		6234863B8D24C5EC6447A36B /* RVIDlinkPacket.m */ = {isa = PBXFileReference; fileEncoding = 4; lastKnownFileType = sourcecode.c.objc; path = RVIDlinkPacket.m; sourceTree = "<group>"; };
		6234867B25D4F4E9FFE534DE /* RVIDlinkPacket.h */ = {isa = PBXFileReference; fileEncoding = 4; lastKnownFileType = sourcecode.c.h; path = RVIDlinkPacket.h; sourceTree = "<group>"; };
		6234871F04E20B533EA259B1 /* RVIDlinkServiceAnnouncePacket.m */ = {isa = PBXFileReference; fileEncoding = 4; lastKnownFileType = sourcecode.c.objc; path = RVIDlinkServiceAnnouncePacket.m; sourceTree = "<group>"; };
		62348729A670EC9782A2A1E9 /* RVINode.m */ = {isa = PBXFileReference; fileEncoding = 4; lastKnownFileType = sourcecode.c.objc; path = RVINode.m; sourceTree = "<group>"; };
		62348A1E5D22718F141824CC /* RVIBluetoothConnection.h */ = {isa = PBXFileReference; fileEncoding = 4; lastKnownFileType = sourcecode.c.h; path = RVIBluetoothConnection.h; sourceTree = "<group>"; };
		62348A4EB5EC0F0C166F599E /* RVIServiceBundle.m */ = {isa = PBXFileReference; fileEncoding = 4; lastKnownFileType = sourcecode.c.objc; path = RVIServiceBundle.m; sourceTree = "<group>"; };
		62348AD8272026A8C74FD1D0 /* RVIBluetoothConnection.m */ = {isa = PBXFileReference; fileEncoding = 4; lastKnownFileType = sourcecode.c.objc; path = RVIBluetoothConnection.m; sourceTree = "<group>"; };
		62348AE30F7D78939DE8357D /* RPCRequest.h */ = {isa = PBXFileReference; fileEncoding = 4; lastKnownFileType = sourcecode.c.h; path = RPCRequest.h; sourceTree = "<group>"; };
		62348B0BC9A06137F88E906F /* RVIDlinkReceivePacket.h */ = {isa = PBXFileReference; fileEncoding = 4; lastKnownFileType = sourcecode.c.h; path = RVIDlinkReceivePacket.h; sourceTree = "<group>"; };
		62348B9C85090528692DFE84 /* RVIDlinkAuthPacket.h */ = {isa = PBXFileReference; fileEncoding = 4; lastKnownFileType = sourcecode.c.h; path = RVIDlinkAuthPacket.h; sourceTree = "<group>"; };
		62348BCF9DACB60E4A912ABD /* RVIRemoteConnectionManager.h */ = {isa = PBXFileReference; fileEncoding = 4; lastKnownFileType = sourcecode.c.h; path = RVIRemoteConnectionManager.h; sourceTree = "<group>"; };
		62348C05224ED9FCFBE963AE /* RVIDlinkServiceAnnouncePacket.h */ = {isa = PBXFileReference; fileEncoding = 4; lastKnownFileType = sourcecode.c.h; path = RVIDlinkServiceAnnouncePacket.h; sourceTree = "<group>"; };
		62348C4E0E7CB8FEA3AA917C /* RVIDlinkPacketParser.h */ = {isa = PBXFileReference; fileEncoding = 4; lastKnownFileType = sourcecode.c.h; path = RVIDlinkPacketParser.h; sourceTree = "<group>"; };
		62348CF6A58937FC72D4A258 /* RVIRemoteConnectionManager.m */ = {isa = PBXFileReference; fileEncoding = 4; lastKnownFileType = sourcecode.c.objc; path = RVIRemoteConnectionManager.m; sourceTree = "<group>"; };
		62348D275B345AFE52F21BA8 /* RVIDlinkPacketParser.m */ = {isa = PBXFileReference; fileEncoding = 4; lastKnownFileType = sourcecode.c.objc; path = RVIDlinkPacketParser.m; sourceTree = "<group>"; };
		62348D5986501A27799B8D8F /* RPCClient.m */ = {isa = PBXFileReference; fileEncoding = 4; lastKnownFileType = sourcecode.c.objc; path = RPCClient.m; sourceTree = "<group>"; };
		62348DC88407CF59D3A8EA7B /* RPCResponse.h */ = {isa = PBXFileReference; fileEncoding = 4; lastKnownFileType = sourcecode.c.h; path = RPCResponse.h; sourceTree = "<group>"; };
		62348EE0053E1D2C2B2AC9F0 /* server-certs.der */ = {isa = PBXFileReference; lastKnownFileType = file.der; path = "server-certs.der"; sourceTree = "<group>"; };
		62348F2B6AB0D4F1D0FC36E7 /* HVACManager.m */ = {isa = PBXFileReference; fileEncoding = 4; lastKnownFileType = sourcecode.c.objc; path = HVACManager.m; sourceTree = "<group>"; };
		62348F74F3D204CAF7D97D3C /* RVIDlinkReceivePacket.m */ = {isa = PBXFileReference; fileEncoding = 4; lastKnownFileType = sourcecode.c.objc; path = RVIDlinkReceivePacket.m; sourceTree = "<group>"; };
		62348FE151D6CAD25CDA6458 /* RVIUtil.h */ = {isa = PBXFileReference; fileEncoding = 4; lastKnownFileType = sourcecode.c.h; path = RVIUtil.h; sourceTree = "<group>"; };
/* End PBXFileReference section */

/* Begin PBXFrameworksBuildPhase section */
		23A502611AF436E900208D21 /* Frameworks */ = {
			isa = PBXFrameworksBuildPhase;
			buildActionMask = 2147483647;
			files = (
			);
			runOnlyForDeploymentPostprocessing = 0;
		};
		23A5027A1AF436E900208D21 /* Frameworks */ = {
			isa = PBXFrameworksBuildPhase;
			buildActionMask = 2147483647;
			files = (
			);
			runOnlyForDeploymentPostprocessing = 0;
		};
/* End PBXFrameworksBuildPhase section */

/* Begin PBXGroup section */
		23A5025B1AF436E900208D21 = {
			isa = PBXGroup;
			children = (
				23A502661AF436E900208D21 /* HVACDemo */,
				23A502801AF436E900208D21 /* HVACDemoTests */,
				23A502651AF436E900208D21 /* Products */,
				6234821949315337FF91CE53 /* RVI */,
			);
			sourceTree = "<group>";
		};
		23A502651AF436E900208D21 /* Products */ = {
			isa = PBXGroup;
			children = (
				23A502641AF436E900208D21 /* HVACDemo.app */,
				23A5027D1AF436E900208D21 /* HVACDemoTests.xctest */,
			);
			name = Products;
			sourceTree = "<group>";
		};
		23A502661AF436E900208D21 /* HVACDemo */ = {
			isa = PBXGroup;
			children = (
				23A5026B1AF436E900208D21 /* AppDelegate.h */,
				23A5026C1AF436E900208D21 /* AppDelegate.m */,
				23A5026E1AF436E900208D21 /* ViewController.h */,
				23A5026F1AF436E900208D21 /* ViewController.m */,
				23A502711AF436E900208D21 /* Main.storyboard */,
				23A502741AF436E900208D21 /* Images.xcassets */,
				23A502761AF436E900208D21 /* LaunchScreen.xib */,
				23A502671AF436E900208D21 /* Supporting Files */,
				6234869BEE152D25A60EFAD0 /* RPC */,
				62348F2B6AB0D4F1D0FC36E7 /* HVACManager.m */,
				623482277589C8905AB4BAB5 /* HVACManager.h */,
				6234848F556E8E1681C0A2DD /* TLS */,
			);
			path = HVACDemo;
			sourceTree = "<group>";
		};
		23A502671AF436E900208D21 /* Supporting Files */ = {
			isa = PBXGroup;
			children = (
				23A502681AF436E900208D21 /* Info.plist */,
				23A502691AF436E900208D21 /* main.m */,
			);
			name = "Supporting Files";
			sourceTree = "<group>";
		};
		23A502801AF436E900208D21 /* HVACDemoTests */ = {
			isa = PBXGroup;
			children = (
				23A502831AF436E900208D21 /* HVACDemoTests.m */,
				23A502811AF436E900208D21 /* Supporting Files */,
			);
			path = HVACDemoTests;
			sourceTree = "<group>";
		};
		23A502811AF436E900208D21 /* Supporting Files */ = {
			isa = PBXGroup;
			children = (
				23A502821AF436E900208D21 /* Info.plist */,
			);
			name = "Supporting Files";
			sourceTree = "<group>";
		};
		6234821949315337FF91CE53 /* RVI */ = {
			isa = PBXGroup;
			children = (
				62348729A670EC9782A2A1E9 /* RVINode.m */,
				62348440D91285A848C24DFD /* RVINode.h */,
				623484866FDD2508905A820E /* RVIServerConnection.m */,
				62348198BA58A1ECE952DFFF /* RVIServerConnection.h */,
				62348CF6A58937FC72D4A258 /* RVIRemoteConnectionManager.m */,
				62348BCF9DACB60E4A912ABD /* RVIRemoteConnectionManager.h */,
				623482DDC3A827D7A0252282 /* RVIService.m */,
				6234828A74C56EF908951241 /* RVIService.h */,
				62348A4EB5EC0F0C166F599E /* RVIServiceBundle.m */,
				6234836EDFB5347CB7B7914A /* RVIServiceBundle.h */,
				6234863B8D24C5EC6447A36B /* RVIDlinkPacket.m */,
				6234867B25D4F4E9FFE534DE /* RVIDlinkPacket.h */,
				6234871F04E20B533EA259B1 /* RVIDlinkServiceAnnouncePacket.m */,
				62348C05224ED9FCFBE963AE /* RVIDlinkServiceAnnouncePacket.h */,
				623484F25540E68B5FD1A635 /* RVIDlinkAuthPacket.m */,
				62348B9C85090528692DFE84 /* RVIDlinkAuthPacket.h */,
				62348F74F3D204CAF7D97D3C /* RVIDlinkReceivePacket.m */,
				62348B0BC9A06137F88E906F /* RVIDlinkReceivePacket.h */,
				62348D275B345AFE52F21BA8 /* RVIDlinkPacketParser.m */,
				62348C4E0E7CB8FEA3AA917C /* RVIDlinkPacketParser.h */,
				6234839B7560FC8865322B10 /* RVIRemoteConnectionDelegate.h */,
				62348FE151D6CAD25CDA6458 /* RVIUtil.h */,
				62348AD8272026A8C74FD1D0 /* RVIBluetoothConnection.m */,
				62348A1E5D22718F141824CC /* RVIBluetoothConnection.h */,
			);
			path = RVI;
			sourceTree = "<group>";
		};
		6234848F556E8E1681C0A2DD /* TLS */ = {
			isa = PBXGroup;
			children = (
				6234802DAEEF06FF48B5848A /* client.p12 */,
				623482EE6FC46F9A35A4A0A1 /* client-certs */,
				62348EE0053E1D2C2B2AC9F0 /* server-certs.der */,
			);
			path = TLS;
			sourceTree = "<group>";
		};
		6234869BEE152D25A60EFAD0 /* RPC */ = {
			isa = PBXGroup;
			children = (
				62348479F5A851E4819EC473 /* RPCRequest.m */,
				62348AE30F7D78939DE8357D /* RPCRequest.h */,
				6234809BA42BCEA084982E76 /* RPCResponse.m */,
				62348DC88407CF59D3A8EA7B /* RPCResponse.h */,
				62348D5986501A27799B8D8F /* RPCClient.m */,
				62348296AD26C4CCFA42D1BA /* RPCClient.h */,
			);
			path = RPC;
			sourceTree = "<group>";
		};
/* End PBXGroup section */

/* Begin PBXNativeTarget section */
		23A502631AF436E900208D21 /* HVACDemo */ = {
			isa = PBXNativeTarget;
			buildConfigurationList = 23A502871AF436E900208D21 /* Build configuration list for PBXNativeTarget "HVACDemo" */;
			buildPhases = (
				23A502601AF436E900208D21 /* Sources */,
				23A502611AF436E900208D21 /* Frameworks */,
				23A502621AF436E900208D21 /* Resources */,
			);
			buildRules = (
			);
			dependencies = (
			);
			name = HVACDemo;
			productName = HVACDemo;
			productReference = 23A502641AF436E900208D21 /* HVACDemo.app */;
			productType = "com.apple.product-type.application";
		};
		23A5027C1AF436E900208D21 /* HVACDemoTests */ = {
			isa = PBXNativeTarget;
			buildConfigurationList = 23A5028A1AF436E900208D21 /* Build configuration list for PBXNativeTarget "HVACDemoTests" */;
			buildPhases = (
				23A502791AF436E900208D21 /* Sources */,
				23A5027A1AF436E900208D21 /* Frameworks */,
				23A5027B1AF436E900208D21 /* Resources */,
			);
			buildRules = (
			);
			dependencies = (
				23A5027F1AF436E900208D21 /* PBXTargetDependency */,
			);
			name = HVACDemoTests;
			productName = HVACDemoTests;
			productReference = 23A5027D1AF436E900208D21 /* HVACDemoTests.xctest */;
			productType = "com.apple.product-type.bundle.unit-test";
		};
/* End PBXNativeTarget section */

/* Begin PBXProject section */
		23A5025C1AF436E900208D21 /* Project object */ = {
			isa = PBXProject;
			attributes = {
				LastUpgradeCheck = 0630;
				ORGANIZATIONNAME = "Lilli Szafranski";
				TargetAttributes = {
					23A502631AF436E900208D21 = {
						CreatedOnToolsVersion = 6.3.1;
						DevelopmentTeam = 8QQL6JC82M;
					};
					23A5027C1AF436E900208D21 = {
						CreatedOnToolsVersion = 6.3.1;
						TestTargetID = 23A502631AF436E900208D21;
					};
				};
			};
			buildConfigurationList = 23A5025F1AF436E900208D21 /* Build configuration list for PBXProject "HVACDemo" */;
			compatibilityVersion = "Xcode 3.2";
			developmentRegion = English;
			hasScannedForEncodings = 0;
			knownRegions = (
				en,
				Base,
			);
			mainGroup = 23A5025B1AF436E900208D21;
			productRefGroup = 23A502651AF436E900208D21 /* Products */;
			projectDirPath = "";
			projectRoot = "";
			targets = (
				23A502631AF436E900208D21 /* HVACDemo */,
				23A5027C1AF436E900208D21 /* HVACDemoTests */,
			);
		};
/* End PBXProject section */

/* Begin PBXResourcesBuildPhase section */
		23A502621AF436E900208D21 /* Resources */ = {
			isa = PBXResourcesBuildPhase;
			buildActionMask = 2147483647;
			files = (
				23A502731AF436E900208D21 /* Main.storyboard in Resources */,
				23A502781AF436E900208D21 /* LaunchScreen.xib in Resources */,
				23A502751AF436E900208D21 /* Images.xcassets in Resources */,
				6234814D32FA6042AFFB895B /* client.p12 in Resources */,
				62348D488B3E1B6625431F55 /* client-certs in Resources */,
				6234816A8EE6D2F8EE1AF4BC /* server-certs.der in Resources */,
			);
			runOnlyForDeploymentPostprocessing = 0;
		};
		23A5027B1AF436E900208D21 /* Resources */ = {
			isa = PBXResourcesBuildPhase;
			buildActionMask = 2147483647;
			files = (
			);
			runOnlyForDeploymentPostprocessing = 0;
		};
/* End PBXResourcesBuildPhase section */

/* Begin PBXSourcesBuildPhase section */
		23A502601AF436E900208D21 /* Sources */ = {
			isa = PBXSourcesBuildPhase;
			buildActionMask = 2147483647;
			files = (
				23A502701AF436E900208D21 /* ViewController.m in Sources */,
				23A5026D1AF436E900208D21 /* AppDelegate.m in Sources */,
				23A5026A1AF436E900208D21 /* main.m in Sources */,
				6234863DD00D0CA9BB0CEB3C /* RPCRequest.m in Sources */,
				623489508CC94071751C19D4 /* RPCResponse.m in Sources */,
				6234863A1BFF50E700AC14A6 /* RPCClient.m in Sources */,
				6234837926524609DD59A9E8 /* HVACManager.m in Sources */,
				62348579F97E59052D6EB330 /* RVINode.m in Sources */,
				62348689289860E7A5ED6C38 /* RVIServerConnection.m in Sources */,
				62348C77FAEC22FD0814D2D6 /* RVIRemoteConnectionManager.m in Sources */,
				623489A6EC683FB86B2F5DF8 /* RVIService.m in Sources */,
				62348F475F079958818C000F /* RVIServiceBundle.m in Sources */,
				623481AFD8D6711B02D720E4 /* RVIDlinkPacket.m in Sources */,
				62348C5C399B43189A760E42 /* RVIDlinkServiceAnnouncePacket.m in Sources */,
				62348999EB2FB4F8AD2F32AC /* RVIDlinkAuthPacket.m in Sources */,
				62348DF3C04950D3CAE5C987 /* RVIDlinkReceivePacket.m in Sources */,
				6234832E97E8B22E26A78DDE /* RVIDlinkPacketParser.m in Sources */,
				62348F8E55574C3B7F5B90A0 /* RVIBluetoothConnection.m in Sources */,
			);
			runOnlyForDeploymentPostprocessing = 0;
		};
		23A502791AF436E900208D21 /* Sources */ = {
			isa = PBXSourcesBuildPhase;
			buildActionMask = 2147483647;
			files = (
				23A502841AF436E900208D21 /* HVACDemoTests.m in Sources */,
			);
			runOnlyForDeploymentPostprocessing = 0;
		};
/* End PBXSourcesBuildPhase section */

/* Begin PBXTargetDependency section */
		23A5027F1AF436E900208D21 /* PBXTargetDependency */ = {
			isa = PBXTargetDependency;
			target = 23A502631AF436E900208D21 /* HVACDemo */;
			targetProxy = 23A5027E1AF436E900208D21 /* PBXContainerItemProxy */;
		};
/* End PBXTargetDependency section */

/* Begin PBXVariantGroup section */
		23A502711AF436E900208D21 /* Main.storyboard */ = {
			isa = PBXVariantGroup;
			children = (
				23A502721AF436E900208D21 /* Base */,
			);
			name = Main.storyboard;
			sourceTree = "<group>";
		};
		23A502761AF436E900208D21 /* LaunchScreen.xib */ = {
			isa = PBXVariantGroup;
			children = (
				23A502771AF436E900208D21 /* Base */,
			);
			name = LaunchScreen.xib;
			sourceTree = "<group>";
		};
/* End PBXVariantGroup section */

/* Begin XCBuildConfiguration section */
		23A502851AF436E900208D21 /* Debug */ = {
			isa = XCBuildConfiguration;
			buildSettings = {
				ALWAYS_SEARCH_USER_PATHS = NO;
				CLANG_CXX_LANGUAGE_STANDARD = "gnu++0x";
				CLANG_CXX_LIBRARY = "libc++";
				CLANG_ENABLE_MODULES = YES;
				CLANG_ENABLE_OBJC_ARC = YES;
				CLANG_WARN_BOOL_CONVERSION = YES;
				CLANG_WARN_CONSTANT_CONVERSION = YES;
				CLANG_WARN_DIRECT_OBJC_ISA_USAGE = YES_ERROR;
				CLANG_WARN_EMPTY_BODY = YES;
				CLANG_WARN_ENUM_CONVERSION = YES;
				CLANG_WARN_INT_CONVERSION = YES;
				CLANG_WARN_OBJC_ROOT_CLASS = YES_ERROR;
				CLANG_WARN_UNREACHABLE_CODE = YES;
				CLANG_WARN__DUPLICATE_METHOD_MATCH = YES;
				"CODE_SIGN_IDENTITY[sdk=iphoneos*]" = "iPhone Developer";
				COPY_PHASE_STRIP = NO;
				DEBUG_INFORMATION_FORMAT = "dwarf-with-dsym";
				ENABLE_STRICT_OBJC_MSGSEND = YES;
				GCC_C_LANGUAGE_STANDARD = gnu99;
				GCC_DYNAMIC_NO_PIC = NO;
				GCC_NO_COMMON_BLOCKS = YES;
				GCC_OPTIMIZATION_LEVEL = 0;
				GCC_PREPROCESSOR_DEFINITIONS = (
					"DEBUG=1",
					"$(inherited)",
				);
				GCC_SYMBOLS_PRIVATE_EXTERN = NO;
				GCC_WARN_64_TO_32_BIT_CONVERSION = YES;
				GCC_WARN_ABOUT_RETURN_TYPE = YES_ERROR;
				GCC_WARN_UNDECLARED_SELECTOR = YES;
				GCC_WARN_UNINITIALIZED_AUTOS = YES_AGGRESSIVE;
				GCC_WARN_UNUSED_FUNCTION = YES;
				GCC_WARN_UNUSED_VARIABLE = YES;
				IPHONEOS_DEPLOYMENT_TARGET = 8.3;
				MTL_ENABLE_DEBUG_INFO = YES;
				ONLY_ACTIVE_ARCH = YES;
				SDKROOT = iphoneos;
				TARGETED_DEVICE_FAMILY = "1,2";
			};
			name = Debug;
		};
		23A502861AF436E900208D21 /* Release */ = {
			isa = XCBuildConfiguration;
			buildSettings = {
				ALWAYS_SEARCH_USER_PATHS = NO;
				CLANG_CXX_LANGUAGE_STANDARD = "gnu++0x";
				CLANG_CXX_LIBRARY = "libc++";
				CLANG_ENABLE_MODULES = YES;
				CLANG_ENABLE_OBJC_ARC = YES;
				CLANG_WARN_BOOL_CONVERSION = YES;
				CLANG_WARN_CONSTANT_CONVERSION = YES;
				CLANG_WARN_DIRECT_OBJC_ISA_USAGE = YES_ERROR;
				CLANG_WARN_EMPTY_BODY = YES;
				CLANG_WARN_ENUM_CONVERSION = YES;
				CLANG_WARN_INT_CONVERSION = YES;
				CLANG_WARN_OBJC_ROOT_CLASS = YES_ERROR;
				CLANG_WARN_UNREACHABLE_CODE = YES;
				CLANG_WARN__DUPLICATE_METHOD_MATCH = YES;
				"CODE_SIGN_IDENTITY[sdk=iphoneos*]" = "iPhone Developer";
				COPY_PHASE_STRIP = NO;
				DEBUG_INFORMATION_FORMAT = "dwarf-with-dsym";
				ENABLE_NS_ASSERTIONS = NO;
				ENABLE_STRICT_OBJC_MSGSEND = YES;
				GCC_C_LANGUAGE_STANDARD = gnu99;
				GCC_NO_COMMON_BLOCKS = YES;
				GCC_WARN_64_TO_32_BIT_CONVERSION = YES;
				GCC_WARN_ABOUT_RETURN_TYPE = YES_ERROR;
				GCC_WARN_UNDECLARED_SELECTOR = YES;
				GCC_WARN_UNINITIALIZED_AUTOS = YES_AGGRESSIVE;
				GCC_WARN_UNUSED_FUNCTION = YES;
				GCC_WARN_UNUSED_VARIABLE = YES;
				IPHONEOS_DEPLOYMENT_TARGET = 8.3;
				MTL_ENABLE_DEBUG_INFO = NO;
				SDKROOT = iphoneos;
				TARGETED_DEVICE_FAMILY = "1,2";
				VALIDATE_PRODUCT = YES;
			};
			name = Release;
		};
		23A502881AF436E900208D21 /* Debug */ = {
			isa = XCBuildConfiguration;
			buildSettings = {
				ASSETCATALOG_COMPILER_APPICON_NAME = AppIcon;
				CODE_SIGN_IDENTITY = "iPhone Developer";
				"CODE_SIGN_IDENTITY[sdk=iphoneos*]" = "iPhone Developer";
				INFOPLIST_FILE = HVACDemo/Info.plist;
				LD_RUNPATH_SEARCH_PATHS = "$(inherited) @executable_path/Frameworks";
				PRODUCT_NAME = "$(TARGET_NAME)";
				PROVISIONING_PROFILE = "";
			};
			name = Debug;
		};
		23A502891AF436E900208D21 /* Release */ = {
			isa = XCBuildConfiguration;
			buildSettings = {
				ASSETCATALOG_COMPILER_APPICON_NAME = AppIcon;
				CODE_SIGN_IDENTITY = "iPhone Developer";
				"CODE_SIGN_IDENTITY[sdk=iphoneos*]" = "iPhone Developer";
				INFOPLIST_FILE = HVACDemo/Info.plist;
				LD_RUNPATH_SEARCH_PATHS = "$(inherited) @executable_path/Frameworks";
				PRODUCT_NAME = "$(TARGET_NAME)";
				PROVISIONING_PROFILE = "";
			};
			name = Release;
		};
		23A5028B1AF436E900208D21 /* Debug */ = {
			isa = XCBuildConfiguration;
			buildSettings = {
				BUNDLE_LOADER = "$(TEST_HOST)";
				FRAMEWORK_SEARCH_PATHS = (
					"$(SDKROOT)/Developer/Library/Frameworks",
					"$(inherited)",
				);
				GCC_PREPROCESSOR_DEFINITIONS = (
					"DEBUG=1",
					"$(inherited)",
				);
				INFOPLIST_FILE = HVACDemoTests/Info.plist;
				LD_RUNPATH_SEARCH_PATHS = "$(inherited) @executable_path/Frameworks @loader_path/Frameworks";
				PRODUCT_NAME = "$(TARGET_NAME)";
				TEST_HOST = "$(BUILT_PRODUCTS_DIR)/HVACDemo.app/HVACDemo";
			};
			name = Debug;
		};
		23A5028C1AF436E900208D21 /* Release */ = {
			isa = XCBuildConfiguration;
			buildSettings = {
				BUNDLE_LOADER = "$(TEST_HOST)";
				FRAMEWORK_SEARCH_PATHS = (
					"$(SDKROOT)/Developer/Library/Frameworks",
					"$(inherited)",
				);
				INFOPLIST_FILE = HVACDemoTests/Info.plist;
				LD_RUNPATH_SEARCH_PATHS = "$(inherited) @executable_path/Frameworks @loader_path/Frameworks";
				PRODUCT_NAME = "$(TARGET_NAME)";
				TEST_HOST = "$(BUILT_PRODUCTS_DIR)/HVACDemo.app/HVACDemo";
			};
			name = Release;
		};
/* End XCBuildConfiguration section */

/* Begin XCConfigurationList section */
		23A5025F1AF436E900208D21 /* Build configuration list for PBXProject "HVACDemo" */ = {
			isa = XCConfigurationList;
			buildConfigurations = (
				23A502851AF436E900208D21 /* Debug */,
				23A502861AF436E900208D21 /* Release */,
			);
			defaultConfigurationIsVisible = 0;
			defaultConfigurationName = Release;
		};
		23A502871AF436E900208D21 /* Build configuration list for PBXNativeTarget "HVACDemo" */ = {
			isa = XCConfigurationList;
			buildConfigurations = (
				23A502881AF436E900208D21 /* Debug */,
				23A502891AF436E900208D21 /* Release */,
			);
			defaultConfigurationIsVisible = 0;
			defaultConfigurationName = Release;
		};
		23A5028A1AF436E900208D21 /* Build configuration list for PBXNativeTarget "HVACDemoTests" */ = {
			isa = XCConfigurationList;
			buildConfigurations = (
				23A5028B1AF436E900208D21 /* Debug */,
				23A5028C1AF436E900208D21 /* Release */,
			);
			defaultConfigurationIsVisible = 0;
			defaultConfigurationName = Release;
		};
/* End XCConfigurationList section */
	};
	rootObject = 23A5025C1AF436E900208D21 /* Project object */;
}
