// !$*UTF8*$!
{
	archiveVersion = 1;
	classes = {
	};
	objectVersion = 46;
	objects = {

/* Begin PBXBuildFile section */
		23469BC11CA08C9500E73089 /* RVIBluetoothConnection.m in Sources */ = {isa = PBXBuildFile; fileRef = 23469BB61CA08C9500E73089 /* RVIBluetoothConnection.m */; };
		23469BC21CA08C9500E73089 /* RVIDlinkAuthPacket.m in Sources */ = {isa = PBXBuildFile; fileRef = 23469BB71CA08C9500E73089 /* RVIDlinkAuthPacket.m */; };
		23469BC31CA08C9500E73089 /* RVIDlinkPacket.m in Sources */ = {isa = PBXBuildFile; fileRef = 23469BB81CA08C9500E73089 /* RVIDlinkPacket.m */; };
		23469BC41CA08C9500E73089 /* RVIDlinkPacketParser.m in Sources */ = {isa = PBXBuildFile; fileRef = 23469BB91CA08C9500E73089 /* RVIDlinkPacketParser.m */; };
		23469BC51CA08C9500E73089 /* RVIDlinkReceivePacket.m in Sources */ = {isa = PBXBuildFile; fileRef = 23469BBA1CA08C9500E73089 /* RVIDlinkReceivePacket.m */; };
		23469BC61CA08C9500E73089 /* RVIDlinkServiceAnnouncePacket.m in Sources */ = {isa = PBXBuildFile; fileRef = 23469BBB1CA08C9500E73089 /* RVIDlinkServiceAnnouncePacket.m */; };
		23469BC71CA08C9500E73089 /* RVINode.m in Sources */ = {isa = PBXBuildFile; fileRef = 23469BBC1CA08C9500E73089 /* RVINode.m */; };
		23469BC81CA08C9500E73089 /* RVIRemoteConnectionManager.m in Sources */ = {isa = PBXBuildFile; fileRef = 23469BBD1CA08C9500E73089 /* RVIRemoteConnectionManager.m */; };
		23469BC91CA08C9500E73089 /* RVIServerConnection.m in Sources */ = {isa = PBXBuildFile; fileRef = 23469BBE1CA08C9500E73089 /* RVIServerConnection.m */; };
		23469BCA1CA08C9500E73089 /* RVIService.m in Sources */ = {isa = PBXBuildFile; fileRef = 23469BBF1CA08C9500E73089 /* RVIService.m */; };
		23469BCB1CA08C9500E73089 /* RVIServiceBundle.m in Sources */ = {isa = PBXBuildFile; fileRef = 23469BC01CA08C9500E73089 /* RVIServiceBundle.m */; };
		23A5026A1AF436E900208D21 /* main.m in Sources */ = {isa = PBXBuildFile; fileRef = 23A502691AF436E900208D21 /* main.m */; };
		23A5026D1AF436E900208D21 /* AppDelegate.m in Sources */ = {isa = PBXBuildFile; fileRef = 23A5026C1AF436E900208D21 /* AppDelegate.m */; };
		23A502701AF436E900208D21 /* ViewController.m in Sources */ = {isa = PBXBuildFile; fileRef = 23A5026F1AF436E900208D21 /* ViewController.m */; };
		23A502731AF436E900208D21 /* Main.storyboard in Resources */ = {isa = PBXBuildFile; fileRef = 23A502711AF436E900208D21 /* Main.storyboard */; };
		23A502751AF436E900208D21 /* Images.xcassets in Resources */ = {isa = PBXBuildFile; fileRef = 23A502741AF436E900208D21 /* Images.xcassets */; };
		23A502781AF436E900208D21 /* LaunchScreen.xib in Resources */ = {isa = PBXBuildFile; fileRef = 23A502761AF436E900208D21 /* LaunchScreen.xib */; };
		23A502841AF436E900208D21 /* HVACDemoTests.m in Sources */ = {isa = PBXBuildFile; fileRef = 23A502831AF436E900208D21 /* HVACDemoTests.m */; };
		6234814D32FA6042AFFB895B /* client.p12 in Resources */ = {isa = PBXBuildFile; fileRef = 6234802DAEEF06FF48B5848A /* client.p12 */; };
		6234823411B375A68E9E5194 /* HVACState.m in Sources */ = {isa = PBXBuildFile; fileRef = 62348C708454A2415B1FA606 /* HVACState.m */; };
		6234837926524609DD59A9E8 /* HVACManager.m in Sources */ = {isa = PBXBuildFile; fileRef = 62348F2B6AB0D4F1D0FC36E7 /* HVACManager.m */; };
		6234858A3F350A79D0A66D06 /* lilli_ios_cert.der in Resources */ = {isa = PBXBuildFile; fileRef = 623481B8735CD9F27A2A3BDB /* lilli_ios_cert.der */; };
/* End PBXBuildFile section */

/* Begin PBXContainerItemProxy section */
		23A5027E1AF436E900208D21 /* PBXContainerItemProxy */ = {
			isa = PBXContainerItemProxy;
			containerPortal = 23A5025C1AF436E900208D21 /* Project object */;
			proxyType = 1;
			remoteGlobalIDString = 23A502631AF436E900208D21;
			remoteInfo = HVACDemo;
		};
/* End PBXContainerItemProxy section */

/* Begin PBXFileReference section */
		23469BA91CA08C9500E73089 /* RVIBluetoothConnection.h */ = {isa = PBXFileReference; fileEncoding = 4; lastKnownFileType = sourcecode.c.h; name = RVIBluetoothConnection.h; path = RVI/RVIBluetoothConnection.h; sourceTree = "<group>"; };
		23469BAA1CA08C9500E73089 /* RVIDlinkAuthPacket.h */ = {isa = PBXFileReference; fileEncoding = 4; lastKnownFileType = sourcecode.c.h; name = RVIDlinkAuthPacket.h; path = RVI/RVIDlinkAuthPacket.h; sourceTree = "<group>"; };
		23469BAB1CA08C9500E73089 /* RVIDlinkPacket.h */ = {isa = PBXFileReference; fileEncoding = 4; lastKnownFileType = sourcecode.c.h; name = RVIDlinkPacket.h; path = RVI/RVIDlinkPacket.h; sourceTree = "<group>"; };
		23469BAC1CA08C9500E73089 /* RVIDlinkPacketParser.h */ = {isa = PBXFileReference; fileEncoding = 4; lastKnownFileType = sourcecode.c.h; name = RVIDlinkPacketParser.h; path = RVI/RVIDlinkPacketParser.h; sourceTree = "<group>"; };
		23469BAD1CA08C9500E73089 /* RVIDlinkReceivePacket.h */ = {isa = PBXFileReference; fileEncoding = 4; lastKnownFileType = sourcecode.c.h; name = RVIDlinkReceivePacket.h; path = RVI/RVIDlinkReceivePacket.h; sourceTree = "<group>"; };
		23469BAE1CA08C9500E73089 /* RVIDlinkServiceAnnouncePacket.h */ = {isa = PBXFileReference; fileEncoding = 4; lastKnownFileType = sourcecode.c.h; name = RVIDlinkServiceAnnouncePacket.h; path = RVI/RVIDlinkServiceAnnouncePacket.h; sourceTree = "<group>"; };
		23469BAF1CA08C9500E73089 /* RVINode.h */ = {isa = PBXFileReference; fileEncoding = 4; lastKnownFileType = sourcecode.c.h; name = RVINode.h; path = RVI/RVINode.h; sourceTree = "<group>"; };
		23469BB01CA08C9500E73089 /* RVIRemoteConnectionDelegate.h */ = {isa = PBXFileReference; fileEncoding = 4; lastKnownFileType = sourcecode.c.h; name = RVIRemoteConnectionDelegate.h; path = RVI/RVIRemoteConnectionDelegate.h; sourceTree = "<group>"; };
		23469BB11CA08C9500E73089 /* RVIRemoteConnectionManager.h */ = {isa = PBXFileReference; fileEncoding = 4; lastKnownFileType = sourcecode.c.h; name = RVIRemoteConnectionManager.h; path = RVI/RVIRemoteConnectionManager.h; sourceTree = "<group>"; };
		23469BB21CA08C9500E73089 /* RVIServerConnection.h */ = {isa = PBXFileReference; fileEncoding = 4; lastKnownFileType = sourcecode.c.h; name = RVIServerConnection.h; path = RVI/RVIServerConnection.h; sourceTree = "<group>"; };
		23469BB31CA08C9500E73089 /* RVIService.h */ = {isa = PBXFileReference; fileEncoding = 4; lastKnownFileType = sourcecode.c.h; name = RVIService.h; path = RVI/RVIService.h; sourceTree = "<group>"; };
		23469BB41CA08C9500E73089 /* RVIServiceBundle.h */ = {isa = PBXFileReference; fileEncoding = 4; lastKnownFileType = sourcecode.c.h; name = RVIServiceBundle.h; path = RVI/RVIServiceBundle.h; sourceTree = "<group>"; };
		23469BB51CA08C9500E73089 /* RVIUtil.h */ = {isa = PBXFileReference; fileEncoding = 4; lastKnownFileType = sourcecode.c.h; name = RVIUtil.h; path = RVI/RVIUtil.h; sourceTree = "<group>"; };
		23469BB61CA08C9500E73089 /* RVIBluetoothConnection.m */ = {isa = PBXFileReference; fileEncoding = 4; lastKnownFileType = sourcecode.c.objc; name = RVIBluetoothConnection.m; path = RVI/RVIBluetoothConnection.m; sourceTree = "<group>"; };
		23469BB71CA08C9500E73089 /* RVIDlinkAuthPacket.m */ = {isa = PBXFileReference; fileEncoding = 4; lastKnownFileType = sourcecode.c.objc; name = RVIDlinkAuthPacket.m; path = RVI/RVIDlinkAuthPacket.m; sourceTree = "<group>"; };
		23469BB81CA08C9500E73089 /* RVIDlinkPacket.m */ = {isa = PBXFileReference; fileEncoding = 4; lastKnownFileType = sourcecode.c.objc; name = RVIDlinkPacket.m; path = RVI/RVIDlinkPacket.m; sourceTree = "<group>"; };
		23469BB91CA08C9500E73089 /* RVIDlinkPacketParser.m */ = {isa = PBXFileReference; fileEncoding = 4; lastKnownFileType = sourcecode.c.objc; name = RVIDlinkPacketParser.m; path = RVI/RVIDlinkPacketParser.m; sourceTree = "<group>"; };
		23469BBA1CA08C9500E73089 /* RVIDlinkReceivePacket.m */ = {isa = PBXFileReference; fileEncoding = 4; lastKnownFileType = sourcecode.c.objc; name = RVIDlinkReceivePacket.m; path = RVI/RVIDlinkReceivePacket.m; sourceTree = "<group>"; };
		23469BBB1CA08C9500E73089 /* RVIDlinkServiceAnnouncePacket.m */ = {isa = PBXFileReference; fileEncoding = 4; lastKnownFileType = sourcecode.c.objc; name = RVIDlinkServiceAnnouncePacket.m; path = RVI/RVIDlinkServiceAnnouncePacket.m; sourceTree = "<group>"; };
		23469BBC1CA08C9500E73089 /* RVINode.m */ = {isa = PBXFileReference; fileEncoding = 4; lastKnownFileType = sourcecode.c.objc; name = RVINode.m; path = RVI/RVINode.m; sourceTree = "<group>"; };
		23469BBD1CA08C9500E73089 /* RVIRemoteConnectionManager.m */ = {isa = PBXFileReference; fileEncoding = 4; lastKnownFileType = sourcecode.c.objc; name = RVIRemoteConnectionManager.m; path = RVI/RVIRemoteConnectionManager.m; sourceTree = "<group>"; };
		23469BBE1CA08C9500E73089 /* RVIServerConnection.m */ = {isa = PBXFileReference; fileEncoding = 4; lastKnownFileType = sourcecode.c.objc; name = RVIServerConnection.m; path = RVI/RVIServerConnection.m; sourceTree = "<group>"; };
		23469BBF1CA08C9500E73089 /* RVIService.m */ = {isa = PBXFileReference; fileEncoding = 4; lastKnownFileType = sourcecode.c.objc; name = RVIService.m; path = RVI/RVIService.m; sourceTree = "<group>"; };
		23469BC01CA08C9500E73089 /* RVIServiceBundle.m */ = {isa = PBXFileReference; fileEncoding = 4; lastKnownFileType = sourcecode.c.objc; name = RVIServiceBundle.m; path = RVI/RVIServiceBundle.m; sourceTree = "<group>"; };
		23A502641AF436E900208D21 /* HVACDemo.app */ = {isa = PBXFileReference; explicitFileType = wrapper.application; includeInIndex = 0; path = HVACDemo.app; sourceTree = BUILT_PRODUCTS_DIR; };
		23A502681AF436E900208D21 /* Info.plist */ = {isa = PBXFileReference; lastKnownFileType = text.plist.xml; path = Info.plist; sourceTree = "<group>"; };
		23A502691AF436E900208D21 /* main.m */ = {isa = PBXFileReference; lastKnownFileType = sourcecode.c.objc; path = main.m; sourceTree = "<group>"; };
		23A5026B1AF436E900208D21 /* AppDelegate.h */ = {isa = PBXFileReference; lastKnownFileType = sourcecode.c.h; path = AppDelegate.h; sourceTree = "<group>"; };
		23A5026C1AF436E900208D21 /* AppDelegate.m */ = {isa = PBXFileReference; lastKnownFileType = sourcecode.c.objc; path = AppDelegate.m; sourceTree = "<group>"; };
		23A5026E1AF436E900208D21 /* ViewController.h */ = {isa = PBXFileReference; lastKnownFileType = sourcecode.c.h; path = ViewController.h; sourceTree = "<group>"; };
		23A5026F1AF436E900208D21 /* ViewController.m */ = {isa = PBXFileReference; lastKnownFileType = sourcecode.c.objc; path = ViewController.m; sourceTree = "<group>"; };
		23A502721AF436E900208D21 /* Base */ = {isa = PBXFileReference; lastKnownFileType = file.storyboard; name = Base; path = Base.lproj/Main.storyboard; sourceTree = "<group>"; };
		23A502741AF436E900208D21 /* Images.xcassets */ = {isa = PBXFileReference; lastKnownFileType = folder.assetcatalog; path = Images.xcassets; sourceTree = "<group>"; };
		23A502771AF436E900208D21 /* Base */ = {isa = PBXFileReference; lastKnownFileType = file.xib; name = Base; path = Base.lproj/LaunchScreen.xib; sourceTree = "<group>"; };
		23A5027D1AF436E900208D21 /* HVACDemoTests.xctest */ = {isa = PBXFileReference; explicitFileType = wrapper.cfbundle; includeInIndex = 0; path = HVACDemoTests.xctest; sourceTree = BUILT_PRODUCTS_DIR; };
		23A502821AF436E900208D21 /* Info.plist */ = {isa = PBXFileReference; lastKnownFileType = text.plist.xml; path = Info.plist; sourceTree = "<group>"; };
		23A502831AF436E900208D21 /* HVACDemoTests.m */ = {isa = PBXFileReference; lastKnownFileType = sourcecode.c.objc; path = HVACDemoTests.m; sourceTree = "<group>"; };
		6234802DAEEF06FF48B5848A /* client.p12 */ = {isa = PBXFileReference; lastKnownFileType = file.p12; path = client.p12; sourceTree = "<group>"; };
		623481B8735CD9F27A2A3BDB /* lilli_ios_cert.der */ = {isa = PBXFileReference; lastKnownFileType = file.der; path = lilli_ios_cert.der; sourceTree = "<group>"; };
		623482277589C8905AB4BAB5 /* HVACManager.h */ = {isa = PBXFileReference; fileEncoding = 4; lastKnownFileType = sourcecode.c.h; path = HVACManager.h; sourceTree = "<group>"; };
		62348C708454A2415B1FA606 /* HVACState.m */ = {isa = PBXFileReference; fileEncoding = 4; lastKnownFileType = sourcecode.c.objc; path = HVACState.m; sourceTree = "<group>"; };
		62348D9AD6252FC304BEF24C /* HVACUtil.h */ = {isa = PBXFileReference; fileEncoding = 4; lastKnownFileType = sourcecode.c.h; path = HVACUtil.h; sourceTree = "<group>"; };
		62348DDF01CAAE5227BF9319 /* HVACState.h */ = {isa = PBXFileReference; fileEncoding = 4; lastKnownFileType = sourcecode.c.h; path = HVACState.h; sourceTree = "<group>"; };
		62348F2B6AB0D4F1D0FC36E7 /* HVACManager.m */ = {isa = PBXFileReference; fileEncoding = 4; lastKnownFileType = sourcecode.c.objc; path = HVACManager.m; sourceTree = "<group>"; };
/* End PBXFileReference section */

/* Begin PBXFrameworksBuildPhase section */
		23A502611AF436E900208D21 /* Frameworks */ = {
			isa = PBXFrameworksBuildPhase;
			buildActionMask = 2147483647;
			files = (
			);
			runOnlyForDeploymentPostprocessing = 0;
		};
		23A5027A1AF436E900208D21 /* Frameworks */ = {
			isa = PBXFrameworksBuildPhase;
			buildActionMask = 2147483647;
			files = (
			);
			runOnlyForDeploymentPostprocessing = 0;
		};
/* End PBXFrameworksBuildPhase section */

/* Begin PBXGroup section */
		23A5025B1AF436E900208D21 = {
			isa = PBXGroup;
			children = (
				23A502661AF436E900208D21 /* HVACDemo */,
				23A502801AF436E900208D21 /* HVACDemoTests */,
				23A502651AF436E900208D21 /* Products */,
				6234821949315337FF91CE53 /* RVI */,
			);
			sourceTree = "<group>";
		};
		23A502651AF436E900208D21 /* Products */ = {
			isa = PBXGroup;
			children = (
				23A502641AF436E900208D21 /* HVACDemo.app */,
				23A5027D1AF436E900208D21 /* HVACDemoTests.xctest */,
			);
			name = Products;
			sourceTree = "<group>";
		};
		23A502661AF436E900208D21 /* HVACDemo */ = {
			isa = PBXGroup;
			children = (
				23A5026B1AF436E900208D21 /* AppDelegate.h */,
				23A5026C1AF436E900208D21 /* AppDelegate.m */,
				23A5026E1AF436E900208D21 /* ViewController.h */,
				23A5026F1AF436E900208D21 /* ViewController.m */,
				23A502711AF436E900208D21 /* Main.storyboard */,
				23A502741AF436E900208D21 /* Images.xcassets */,
				23A502761AF436E900208D21 /* LaunchScreen.xib */,
				23A502671AF436E900208D21 /* Supporting Files */,
				62348F2B6AB0D4F1D0FC36E7 /* HVACManager.m */,
				623482277589C8905AB4BAB5 /* HVACManager.h */,
				6234848F556E8E1681C0A2DD /* TLS */,
				62348C708454A2415B1FA606 /* HVACState.m */,
				62348DDF01CAAE5227BF9319 /* HVACState.h */,
				62348D9AD6252FC304BEF24C /* HVACUtil.h */,
			);
			path = HVACDemo;
			sourceTree = "<group>";
		};
		23A502671AF436E900208D21 /* Supporting Files */ = {
			isa = PBXGroup;
			children = (
				23A502681AF436E900208D21 /* Info.plist */,
				23A502691AF436E900208D21 /* main.m */,
			);
			name = "Supporting Files";
			sourceTree = "<group>";
		};
		23A502801AF436E900208D21 /* HVACDemoTests */ = {
			isa = PBXGroup;
			children = (
				23A502831AF436E900208D21 /* HVACDemoTests.m */,
				23A502811AF436E900208D21 /* Supporting Files */,
			);
			path = HVACDemoTests;
			sourceTree = "<group>";
		};
		23A502811AF436E900208D21 /* Supporting Files */ = {
			isa = PBXGroup;
			children = (
				23A502821AF436E900208D21 /* Info.plist */,
			);
			name = "Supporting Files";
			sourceTree = "<group>";
		};
		6234821949315337FF91CE53 /* RVI */ = {
			isa = PBXGroup;
			children = (
				23469BA91CA08C9500E73089 /* RVIBluetoothConnection.h */,
				23469BAA1CA08C9500E73089 /* RVIDlinkAuthPacket.h */,
				23469BAB1CA08C9500E73089 /* RVIDlinkPacket.h */,
				23469BAC1CA08C9500E73089 /* RVIDlinkPacketParser.h */,
				23469BAD1CA08C9500E73089 /* RVIDlinkReceivePacket.h */,
				23469BAE1CA08C9500E73089 /* RVIDlinkServiceAnnouncePacket.h */,
				23469BAF1CA08C9500E73089 /* RVINode.h */,
				23469BB01CA08C9500E73089 /* RVIRemoteConnectionDelegate.h */,
				23469BB11CA08C9500E73089 /* RVIRemoteConnectionManager.h */,
				23469BB21CA08C9500E73089 /* RVIServerConnection.h */,
				23469BB31CA08C9500E73089 /* RVIService.h */,
				23469BB41CA08C9500E73089 /* RVIServiceBundle.h */,
				23469BB51CA08C9500E73089 /* RVIUtil.h */,
				23469BB61CA08C9500E73089 /* RVIBluetoothConnection.m */,
				23469BB71CA08C9500E73089 /* RVIDlinkAuthPacket.m */,
				23469BB81CA08C9500E73089 /* RVIDlinkPacket.m */,
				23469BB91CA08C9500E73089 /* RVIDlinkPacketParser.m */,
				23469BBA1CA08C9500E73089 /* RVIDlinkReceivePacket.m */,
				23469BBB1CA08C9500E73089 /* RVIDlinkServiceAnnouncePacket.m */,
				23469BBC1CA08C9500E73089 /* RVINode.m */,
				23469BBD1CA08C9500E73089 /* RVIRemoteConnectionManager.m */,
				23469BBE1CA08C9500E73089 /* RVIServerConnection.m */,
				23469BBF1CA08C9500E73089 /* RVIService.m */,
				23469BC01CA08C9500E73089 /* RVIServiceBundle.m */,
			);
			path = RVI;
			sourceTree = "<group>";
		};
		6234848F556E8E1681C0A2DD /* TLS */ = {
			isa = PBXGroup;
			children = (
				6234802DAEEF06FF48B5848A /* client.p12 */,
				623481B8735CD9F27A2A3BDB /* lilli_ios_cert.der */,
			);
			path = TLS;
			sourceTree = "<group>";
		};
/* End PBXGroup section */

/* Begin PBXNativeTarget section */
		23A502631AF436E900208D21 /* HVACDemo */ = {
			isa = PBXNativeTarget;
			buildConfigurationList = 23A502871AF436E900208D21 /* Build configuration list for PBXNativeTarget "HVACDemo" */;
			buildPhases = (
				23A502601AF436E900208D21 /* Sources */,
				23A502611AF436E900208D21 /* Frameworks */,
				23A502621AF436E900208D21 /* Resources */,
			);
			buildRules = (
			);
			dependencies = (
			);
			name = HVACDemo;
			productName = HVACDemo;
			productReference = 23A502641AF436E900208D21 /* HVACDemo.app */;
			productType = "com.apple.product-type.application";
		};
		23A5027C1AF436E900208D21 /* HVACDemoTests */ = {
			isa = PBXNativeTarget;
			buildConfigurationList = 23A5028A1AF436E900208D21 /* Build configuration list for PBXNativeTarget "HVACDemoTests" */;
			buildPhases = (
				23A502791AF436E900208D21 /* Sources */,
				23A5027A1AF436E900208D21 /* Frameworks */,
				23A5027B1AF436E900208D21 /* Resources */,
			);
			buildRules = (
			);
			dependencies = (
				23A5027F1AF436E900208D21 /* PBXTargetDependency */,
			);
			name = HVACDemoTests;
			productName = HVACDemoTests;
			productReference = 23A5027D1AF436E900208D21 /* HVACDemoTests.xctest */;
			productType = "com.apple.product-type.bundle.unit-test";
		};
/* End PBXNativeTarget section */

/* Begin PBXProject section */
		23A5025C1AF436E900208D21 /* Project object */ = {
			isa = PBXProject;
			attributes = {
				LastUpgradeCheck = 0720;
				ORGANIZATIONNAME = "Lilli Szafranski";
				TargetAttributes = {
					23A502631AF436E900208D21 = {
						CreatedOnToolsVersion = 6.3.1;
						DevelopmentTeam = 8QQL6JC82M;
					};
					23A5027C1AF436E900208D21 = {
						CreatedOnToolsVersion = 6.3.1;
						TestTargetID = 23A502631AF436E900208D21;
					};
				};
			};
			buildConfigurationList = 23A5025F1AF436E900208D21 /* Build configuration list for PBXProject "HVACDemo" */;
			compatibilityVersion = "Xcode 3.2";
			developmentRegion = English;
			hasScannedForEncodings = 0;
			knownRegions = (
				en,
				Base,
			);
			mainGroup = 23A5025B1AF436E900208D21;
			productRefGroup = 23A502651AF436E900208D21 /* Products */;
			projectDirPath = "";
			projectRoot = "";
			targets = (
				23A502631AF436E900208D21 /* HVACDemo */,
				23A5027C1AF436E900208D21 /* HVACDemoTests */,
			);
		};
/* End PBXProject section */

/* Begin PBXResourcesBuildPhase section */
		23A502621AF436E900208D21 /* Resources */ = {
			isa = PBXResourcesBuildPhase;
			buildActionMask = 2147483647;
			files = (
				23A502731AF436E900208D21 /* Main.storyboard in Resources */,
				23A502781AF436E900208D21 /* LaunchScreen.xib in Resources */,
				23A502751AF436E900208D21 /* Images.xcassets in Resources */,
				6234814D32FA6042AFFB895B /* client.p12 in Resources */,
				6234858A3F350A79D0A66D06 /* lilli_ios_cert.der in Resources */,
			);
			runOnlyForDeploymentPostprocessing = 0;
		};
		23A5027B1AF436E900208D21 /* Resources */ = {
			isa = PBXResourcesBuildPhase;
			buildActionMask = 2147483647;
			files = (
			);
			runOnlyForDeploymentPostprocessing = 0;
		};
/* End PBXResourcesBuildPhase section */

/* Begin PBXSourcesBuildPhase section */
		23A502601AF436E900208D21 /* Sources */ = {
			isa = PBXSourcesBuildPhase;
			buildActionMask = 2147483647;
			files = (
				23A502701AF436E900208D21 /* ViewController.m in Sources */,
				23A5026D1AF436E900208D21 /* AppDelegate.m in Sources */,
				23469BC91CA08C9500E73089 /* RVIServerConnection.m in Sources */,
				23469BC61CA08C9500E73089 /* RVIDlinkServiceAnnouncePacket.m in Sources */,
				23469BC81CA08C9500E73089 /* RVIRemoteConnectionManager.m in Sources */,
				23469BCA1CA08C9500E73089 /* RVIService.m in Sources */,
				23A5026A1AF436E900208D21 /* main.m in Sources */,
				23469BC21CA08C9500E73089 /* RVIDlinkAuthPacket.m in Sources */,
				23469BC51CA08C9500E73089 /* RVIDlinkReceivePacket.m in Sources */,
				23469BCB1CA08C9500E73089 /* RVIServiceBundle.m in Sources */,
				6234837926524609DD59A9E8 /* HVACManager.m in Sources */,
				23469BC11CA08C9500E73089 /* RVIBluetoothConnection.m in Sources */,
				23469BC41CA08C9500E73089 /* RVIDlinkPacketParser.m in Sources */,
				23469BC31CA08C9500E73089 /* RVIDlinkPacket.m in Sources */,
				6234823411B375A68E9E5194 /* HVACState.m in Sources */,
				23469BC71CA08C9500E73089 /* RVINode.m in Sources */,
			);
			runOnlyForDeploymentPostprocessing = 0;
		};
		23A502791AF436E900208D21 /* Sources */ = {
			isa = PBXSourcesBuildPhase;
			buildActionMask = 2147483647;
			files = (
				23A502841AF436E900208D21 /* HVACDemoTests.m in Sources */,
			);
			runOnlyForDeploymentPostprocessing = 0;
		};
/* End PBXSourcesBuildPhase section */

/* Begin PBXTargetDependency section */
		23A5027F1AF436E900208D21 /* PBXTargetDependency */ = {
			isa = PBXTargetDependency;
			target = 23A502631AF436E900208D21 /* HVACDemo */;
			targetProxy = 23A5027E1AF436E900208D21 /* PBXContainerItemProxy */;
		};
/* End PBXTargetDependency section */

/* Begin PBXVariantGroup section */
		23A502711AF436E900208D21 /* Main.storyboard */ = {
			isa = PBXVariantGroup;
			children = (
				23A502721AF436E900208D21 /* Base */,
			);
			name = Main.storyboard;
			sourceTree = "<group>";
		};
		23A502761AF436E900208D21 /* LaunchScreen.xib */ = {
			isa = PBXVariantGroup;
			children = (
				23A502771AF436E900208D21 /* Base */,
			);
			name = LaunchScreen.xib;
			sourceTree = "<group>";
		};
/* End PBXVariantGroup section */

/* Begin XCBuildConfiguration section */
		23A502851AF436E900208D21 /* Debug */ = {
			isa = XCBuildConfiguration;
			buildSettings = {
				ALWAYS_SEARCH_USER_PATHS = NO;
				CLANG_CXX_LANGUAGE_STANDARD = "gnu++0x";
				CLANG_CXX_LIBRARY = "libc++";
				CLANG_ENABLE_MODULES = YES;
				CLANG_ENABLE_OBJC_ARC = YES;
				CLANG_WARN_BOOL_CONVERSION = YES;
				CLANG_WARN_CONSTANT_CONVERSION = YES;
				CLANG_WARN_DIRECT_OBJC_ISA_USAGE = YES_ERROR;
				CLANG_WARN_EMPTY_BODY = YES;
				CLANG_WARN_ENUM_CONVERSION = YES;
				CLANG_WARN_INT_CONVERSION = YES;
				CLANG_WARN_OBJC_ROOT_CLASS = YES_ERROR;
				CLANG_WARN_UNREACHABLE_CODE = YES;
				CLANG_WARN__DUPLICATE_METHOD_MATCH = YES;
				"CODE_SIGN_IDENTITY[sdk=iphoneos*]" = "iPhone Developer";
				COPY_PHASE_STRIP = NO;
				DEBUG_INFORMATION_FORMAT = "dwarf-with-dsym";
				ENABLE_STRICT_OBJC_MSGSEND = YES;
				ENABLE_TESTABILITY = YES;
				GCC_C_LANGUAGE_STANDARD = gnu99;
				GCC_DYNAMIC_NO_PIC = NO;
				GCC_NO_COMMON_BLOCKS = YES;
				GCC_OPTIMIZATION_LEVEL = 0;
				GCC_PREPROCESSOR_DEFINITIONS = (
					"DEBUG=1",
					"$(inherited)",
				);
				GCC_SYMBOLS_PRIVATE_EXTERN = NO;
				GCC_WARN_64_TO_32_BIT_CONVERSION = YES;
				GCC_WARN_ABOUT_RETURN_TYPE = YES_ERROR;
				GCC_WARN_UNDECLARED_SELECTOR = YES;
				GCC_WARN_UNINITIALIZED_AUTOS = YES_AGGRESSIVE;
				GCC_WARN_UNUSED_FUNCTION = YES;
				GCC_WARN_UNUSED_VARIABLE = YES;
				IPHONEOS_DEPLOYMENT_TARGET = 8.3;
				MTL_ENABLE_DEBUG_INFO = YES;
				ONLY_ACTIVE_ARCH = YES;
				SDKROOT = iphoneos;
				TARGETED_DEVICE_FAMILY = "1,2";
			};
			name = Debug;
		};
		23A502861AF436E900208D21 /* Release */ = {
			isa = XCBuildConfiguration;
			buildSettings = {
				ALWAYS_SEARCH_USER_PATHS = NO;
				CLANG_CXX_LANGUAGE_STANDARD = "gnu++0x";
				CLANG_CXX_LIBRARY = "libc++";
				CLANG_ENABLE_MODULES = YES;
				CLANG_ENABLE_OBJC_ARC = YES;
				CLANG_WARN_BOOL_CONVERSION = YES;
				CLANG_WARN_CONSTANT_CONVERSION = YES;
				CLANG_WARN_DIRECT_OBJC_ISA_USAGE = YES_ERROR;
				CLANG_WARN_EMPTY_BODY = YES;
				CLANG_WARN_ENUM_CONVERSION = YES;
				CLANG_WARN_INT_CONVERSION = YES;
				CLANG_WARN_OBJC_ROOT_CLASS = YES_ERROR;
				CLANG_WARN_UNREACHABLE_CODE = YES;
				CLANG_WARN__DUPLICATE_METHOD_MATCH = YES;
				"CODE_SIGN_IDENTITY[sdk=iphoneos*]" = "iPhone Developer";
				COPY_PHASE_STRIP = NO;
				DEBUG_INFORMATION_FORMAT = "dwarf-with-dsym";
				ENABLE_NS_ASSERTIONS = NO;
				ENABLE_STRICT_OBJC_MSGSEND = YES;
				GCC_C_LANGUAGE_STANDARD = gnu99;
				GCC_NO_COMMON_BLOCKS = YES;
				GCC_WARN_64_TO_32_BIT_CONVERSION = YES;
				GCC_WARN_ABOUT_RETURN_TYPE = YES_ERROR;
				GCC_WARN_UNDECLARED_SELECTOR = YES;
				GCC_WARN_UNINITIALIZED_AUTOS = YES_AGGRESSIVE;
				GCC_WARN_UNUSED_FUNCTION = YES;
				GCC_WARN_UNUSED_VARIABLE = YES;
				IPHONEOS_DEPLOYMENT_TARGET = 8.3;
				MTL_ENABLE_DEBUG_INFO = NO;
				SDKROOT = iphoneos;
				TARGETED_DEVICE_FAMILY = "1,2";
				VALIDATE_PRODUCT = YES;
			};
			name = Release;
		};
		23A502881AF436E900208D21 /* Debug */ = {
			isa = XCBuildConfiguration;
			buildSettings = {
				ASSETCATALOG_COMPILER_APPICON_NAME = AppIcon;
				CODE_SIGN_IDENTITY = "iPhone Developer";
				"CODE_SIGN_IDENTITY[sdk=iphoneos*]" = "iPhone Developer";
				INFOPLIST_FILE = HVACDemo/Info.plist;
				LD_RUNPATH_SEARCH_PATHS = "$(inherited) @executable_path/Frameworks";
				PRODUCT_BUNDLE_IDENTIFIER = "com.jaguarlandrover.$(PRODUCT_NAME:rfc1034identifier)";
				PRODUCT_NAME = "$(TARGET_NAME)";
				PROVISIONING_PROFILE = "";
			};
			name = Debug;
		};
		23A502891AF436E900208D21 /* Release */ = {
			isa = XCBuildConfiguration;
			buildSettings = {
				ASSETCATALOG_COMPILER_APPICON_NAME = AppIcon;
				CODE_SIGN_IDENTITY = "iPhone Developer";
				"CODE_SIGN_IDENTITY[sdk=iphoneos*]" = "iPhone Developer";
				INFOPLIST_FILE = HVACDemo/Info.plist;
				LD_RUNPATH_SEARCH_PATHS = "$(inherited) @executable_path/Frameworks";
				PRODUCT_BUNDLE_IDENTIFIER = "com.jaguarlandrover.$(PRODUCT_NAME:rfc1034identifier)";
				PRODUCT_NAME = "$(TARGET_NAME)";
				PROVISIONING_PROFILE = "";
			};
			name = Release;
		};
		23A5028B1AF436E900208D21 /* Debug */ = {
			isa = XCBuildConfiguration;
			buildSettings = {
				BUNDLE_LOADER = "$(TEST_HOST)";
				FRAMEWORK_SEARCH_PATHS = (
					"$(SDKROOT)/Developer/Library/Frameworks",
					"$(inherited)",
				);
				GCC_PREPROCESSOR_DEFINITIONS = (
					"DEBUG=1",
					"$(inherited)",
				);
				INFOPLIST_FILE = HVACDemoTests/Info.plist;
				LD_RUNPATH_SEARCH_PATHS = "$(inherited) @executable_path/Frameworks @loader_path/Frameworks";
				PRODUCT_BUNDLE_IDENTIFIER = "com.jaguarlandrover.$(PRODUCT_NAME:rfc1034identifier)";
				PRODUCT_NAME = "$(TARGET_NAME)";
				TEST_HOST = "$(BUILT_PRODUCTS_DIR)/HVACDemo.app/HVACDemo";
			};
			name = Debug;
		};
		23A5028C1AF436E900208D21 /* Release */ = {
			isa = XCBuildConfiguration;
			buildSettings = {
				BUNDLE_LOADER = "$(TEST_HOST)";
				FRAMEWORK_SEARCH_PATHS = (
					"$(SDKROOT)/Developer/Library/Frameworks",
					"$(inherited)",
				);
				INFOPLIST_FILE = HVACDemoTests/Info.plist;
				LD_RUNPATH_SEARCH_PATHS = "$(inherited) @executable_path/Frameworks @loader_path/Frameworks";
				PRODUCT_BUNDLE_IDENTIFIER = "com.jaguarlandrover.$(PRODUCT_NAME:rfc1034identifier)";
				PRODUCT_NAME = "$(TARGET_NAME)";
				TEST_HOST = "$(BUILT_PRODUCTS_DIR)/HVACDemo.app/HVACDemo";
			};
			name = Release;
		};
/* End XCBuildConfiguration section */

/* Begin XCConfigurationList section */
		23A5025F1AF436E900208D21 /* Build configuration list for PBXProject "HVACDemo" */ = {
			isa = XCConfigurationList;
			buildConfigurations = (
				23A502851AF436E900208D21 /* Debug */,
				23A502861AF436E900208D21 /* Release */,
			);
			defaultConfigurationIsVisible = 0;
			defaultConfigurationName = Release;
		};
		23A502871AF436E900208D21 /* Build configuration list for PBXNativeTarget "HVACDemo" */ = {
			isa = XCConfigurationList;
			buildConfigurations = (
				23A502881AF436E900208D21 /* Debug */,
				23A502891AF436E900208D21 /* Release */,
			);
			defaultConfigurationIsVisible = 0;
			defaultConfigurationName = Release;
		};
		23A5028A1AF436E900208D21 /* Build configuration list for PBXNativeTarget "HVACDemoTests" */ = {
			isa = XCConfigurationList;
			buildConfigurations = (
				23A5028B1AF436E900208D21 /* Debug */,
				23A5028C1AF436E900208D21 /* Release */,
			);
			defaultConfigurationIsVisible = 0;
			defaultConfigurationName = Release;
		};
/* End XCConfigurationList section */
	};
	rootObject = 23A5025C1AF436E900208D21 /* Project object */;
}
